dependencies:
- name: kafka
  repository: https://charts.bitnami.com/bitnami
  version: 32.2.9
- name: mongodb
  repository: https://charts.bitnami.com/bitnami
  version: 14.4.6
digest: sha256:576081fcda97927eac2e4183bd98e29c726a10a83154b936562a6d16875a1f9d
generated: "2025-07-24T11:56:11.2562763+03:00"
